
Microsoft Visual Studio Solution File, Format Version 12.00
# Visual Studio Version 17
VisualStudioVersion = 17.5.33516.290
MinimumVisualStudioVersion = 10.0.40219.1
Project("{FAE04EC0-301F-11D3-BF4B-00C04F79EFBC}") = "aybukeuzun4", "aybukeuzun4\aybukeuzun4.csproj", "{1E09803C-C99E-4F26-BF6A-8012AF313040}"
EndProject
Project("{FAE04EC0-301F-11D3-BF4B-00C04F79EFBC}") = "aybukeuzun44", "aybukeuzun44\aybukeuzun44.csproj", "{F0705054-9896-483A-A375-74CFCC869146}"
EndProject
Global
	GlobalSection(SolutionConfigurationPlatforms) = preSolution
		Debug|Any CPU = Debug|Any CPU
		Release|Any CPU = Release|Any CPU
	EndGlobalSection
	GlobalSection(ProjectConfigurationPlatforms) = postSolution
		{1E09803C-C99E-4F26-BF6A-8012AF313040}.Debug|Any CPU.ActiveCfg = Debug|Any CPU
		{1E09803C-C99E-4F26-BF6A-8012AF313040}.Debug|Any CPU.Build.0 = Debug|Any CPU
		{1E09803C-C99E-4F26-BF6A-8012AF313040}.Release|Any CPU.ActiveCfg = Release|Any CPU
		{1E09803C-C99E-4F26-BF6A-8012AF313040}.Release|Any CPU.Build.0 = Release|Any CPU
		{F0705054-9896-483A-A375-74CFCC869146}.Debug|Any CPU.ActiveCfg = Debug|Any CPU
		{F0705054-9896-483A-A375-74CFCC869146}.Debug|Any CPU.Build.0 = Debug|Any CPU
		{F0705054-9896-483A-A375-74CFCC869146}.Release|Any CPU.ActiveCfg = Release|Any CPU
		{F0705054-9896-483A-A375-74CFCC869146}.Release|Any CPU.Build.0 = Release|Any CPU
	EndGlobalSection
	GlobalSection(SolutionProperties) = preSolution
		HideSolutionNode = FALSE
	EndGlobalSection
	GlobalSection(ExtensibilityGlobals) = postSolution
		SolutionGuid = {316C632D-F9D0-4A10-A3C8-2D071011DEEA}
	EndGlobalSection
EndGlobal
